
Microsoft Visual Studio Solution File, Format Version 12.00
# Visual Studio Version 17
VisualStudioVersion = 17.6.33712.159
MinimumVisualStudioVersion = 10.0.40219.1
Project("{9A19103F-16F7-4668-BE54-9A1E7A4F7556}") = "JPOS.Controller", "JPOS.Controller\JPOS.Controller.csproj", "{958DBEFB-816F-4C40-9AC8-CA9B8080897A}"
EndProject
Project("{9A19103F-16F7-4668-BE54-9A1E7A4F7556}") = "JPOS.Service", "JPOS.Service\JPOS.Service.csproj", "{90AF0EE2-EF8C-496D-BA00-F606F3863260}"
EndProject
Project("{FAE04EC0-301F-11D3-BF4B-00C04F79EFBC}") = "BusinessObject", "BusinessObject\BusinessObject.csproj", "{2486DF30-6F8C-4BAD-BD53-D1FEDA07AA8C}"
EndProject
Project("{FAE04EC0-301F-11D3-BF4B-00C04F79EFBC}") = "JPOS.Repository", "JPOS.Repository\JPOS.Repository.csproj", "{5A22ADDD-4E5A-4AA4-A2BE-A28BE088690B}"
EndProject
Project("{FAE04EC0-301F-11D3-BF4B-00C04F79EFBC}") = "JPOS.DAO", "JPOS.DAO\JPOS.DAO.csproj", "{E16193DE-2ECB-4321-8F3E-B233E49FDA8E}"
EndProject
Global
	GlobalSection(SolutionConfigurationPlatforms) = preSolution
		Debug|Any CPU = Debug|Any CPU
		Release|Any CPU = Release|Any CPU
	EndGlobalSection
	GlobalSection(ProjectConfigurationPlatforms) = postSolution
		{958DBEFB-816F-4C40-9AC8-CA9B8080897A}.Debug|Any CPU.ActiveCfg = Debug|Any CPU
		{958DBEFB-816F-4C40-9AC8-CA9B8080897A}.Debug|Any CPU.Build.0 = Debug|Any CPU
		{958DBEFB-816F-4C40-9AC8-CA9B8080897A}.Release|Any CPU.ActiveCfg = Release|Any CPU
		{958DBEFB-816F-4C40-9AC8-CA9B8080897A}.Release|Any CPU.Build.0 = Release|Any CPU
		{90AF0EE2-EF8C-496D-BA00-F606F3863260}.Debug|Any CPU.ActiveCfg = Debug|Any CPU
		{90AF0EE2-EF8C-496D-BA00-F606F3863260}.Debug|Any CPU.Build.0 = Debug|Any CPU
		{90AF0EE2-EF8C-496D-BA00-F606F3863260}.Release|Any CPU.ActiveCfg = Release|Any CPU
		{90AF0EE2-EF8C-496D-BA00-F606F3863260}.Release|Any CPU.Build.0 = Release|Any CPU
		{2486DF30-6F8C-4BAD-BD53-D1FEDA07AA8C}.Debug|Any CPU.ActiveCfg = Debug|Any CPU
		{2486DF30-6F8C-4BAD-BD53-D1FEDA07AA8C}.Debug|Any CPU.Build.0 = Debug|Any CPU
		{2486DF30-6F8C-4BAD-BD53-D1FEDA07AA8C}.Release|Any CPU.ActiveCfg = Release|Any CPU
		{2486DF30-6F8C-4BAD-BD53-D1FEDA07AA8C}.Release|Any CPU.Build.0 = Release|Any CPU
		{5A22ADDD-4E5A-4AA4-A2BE-A28BE088690B}.Debug|Any CPU.ActiveCfg = Debug|Any CPU
		{5A22ADDD-4E5A-4AA4-A2BE-A28BE088690B}.Debug|Any CPU.Build.0 = Debug|Any CPU
		{5A22ADDD-4E5A-4AA4-A2BE-A28BE088690B}.Release|Any CPU.ActiveCfg = Release|Any CPU
		{5A22ADDD-4E5A-4AA4-A2BE-A28BE088690B}.Release|Any CPU.Build.0 = Release|Any CPU
		{E16193DE-2ECB-4321-8F3E-B233E49FDA8E}.Debug|Any CPU.ActiveCfg = Debug|Any CPU
		{E16193DE-2ECB-4321-8F3E-B233E49FDA8E}.Debug|Any CPU.Build.0 = Debug|Any CPU
		{E16193DE-2ECB-4321-8F3E-B233E49FDA8E}.Release|Any CPU.ActiveCfg = Release|Any CPU
		{E16193DE-2ECB-4321-8F3E-B233E49FDA8E}.Release|Any CPU.Build.0 = Release|Any CPU
	EndGlobalSection
	GlobalSection(SolutionProperties) = preSolution
		HideSolutionNode = FALSE
	EndGlobalSection
	GlobalSection(ExtensibilityGlobals) = postSolution
		SolutionGuid = {410F06B4-4848-40E5-8A10-3A2AC7F99429}
	EndGlobalSection
EndGlobal
