
Microsoft Visual Studio Solution File, Format Version 12.00
# Visual Studio Version 17
VisualStudioVersion = 17.6.33712.159
MinimumVisualStudioVersion = 10.0.40219.1
Project("{FAE04EC0-301F-11D3-BF4B-00C04F79EFBC}") = "JPOS.Controller", "JPOS.Controller\JPOS.Controller.csproj", "{958DBEFB-816F-4C40-9AC8-CA9B8080897A}"
EndProject
Project("{FAE04EC0-301F-11D3-BF4B-00C04F79EFBC}") = "JPOS.Service", "JPOS.Service\JPOS.Service.csproj", "{90AF0EE2-EF8C-496D-BA00-F606F3863260}"
EndProject
Project("{FAE04EC0-301F-11D3-BF4B-00C04F79EFBC}") = "JPOS.Model", "JPOS.Model\JPOS.Model.csproj", "{23462B13-CEBD-4C57-AFA1-3D358A675737}"
EndProject
Global
	GlobalSection(SolutionConfigurationPlatforms) = preSolution
		Debug|Any CPU = Debug|Any CPU
		Release|Any CPU = Release|Any CPU
	EndGlobalSection
	GlobalSection(ProjectConfigurationPlatforms) = postSolution
		{958DBEFB-816F-4C40-9AC8-CA9B8080897A}.Debug|Any CPU.ActiveCfg = Debug|Any CPU
		{958DBEFB-816F-4C40-9AC8-CA9B8080897A}.Debug|Any CPU.Build.0 = Debug|Any CPU
		{958DBEFB-816F-4C40-9AC8-CA9B8080897A}.Release|Any CPU.ActiveCfg = Release|Any CPU
		{958DBEFB-816F-4C40-9AC8-CA9B8080897A}.Release|Any CPU.Build.0 = Release|Any CPU
		{90AF0EE2-EF8C-496D-BA00-F606F3863260}.Debug|Any CPU.ActiveCfg = Debug|Any CPU
		{90AF0EE2-EF8C-496D-BA00-F606F3863260}.Debug|Any CPU.Build.0 = Debug|Any CPU
		{90AF0EE2-EF8C-496D-BA00-F606F3863260}.Release|Any CPU.ActiveCfg = Release|Any CPU
		{90AF0EE2-EF8C-496D-BA00-F606F3863260}.Release|Any CPU.Build.0 = Release|Any CPU
		{23462B13-CEBD-4C57-AFA1-3D358A675737}.Debug|Any CPU.ActiveCfg = Debug|Any CPU
		{23462B13-CEBD-4C57-AFA1-3D358A675737}.Debug|Any CPU.Build.0 = Debug|Any CPU
		{23462B13-CEBD-4C57-AFA1-3D358A675737}.Release|Any CPU.ActiveCfg = Release|Any CPU
		{23462B13-CEBD-4C57-AFA1-3D358A675737}.Release|Any CPU.Build.0 = Release|Any CPU
	EndGlobalSection
	GlobalSection(SolutionProperties) = preSolution
		HideSolutionNode = FALSE
	EndGlobalSection
	GlobalSection(ExtensibilityGlobals) = postSolution
		SolutionGuid = {410F06B4-4848-40E5-8A10-3A2AC7F99429}
	EndGlobalSection
EndGlobal
